{
  "version": 4,
  "terraform_version": "0.14.9",
  "serial": 6,
  "lineage": "5257c596-5f3b-dcdb-eccc-b1954a5022d0",
  "outputs": {},
  "resources": [
    {
      "mode": "data",
      "type": "azurerm_client_config",
      "name": "current",
      "provider": "provider[\"registry.terraform.io/hashicorp/azurerm\"]",
      "instances": [
        {
          "schema_version": 0,
          "attributes": {
            "client_id": "04b07795-8ddb-461a-bbee-02f9e1bf7b46",
            "id": "2021-04-10 05:09:27.299843 +0000 UTC",
            "object_id": "cbe7a197-5041-4cf0-84f3-6c4a1b24148f",
            "subscription_id": "317af27c-bb9b-43c5-ad52-ae1d11ed72c0",
            "tenant_id": "9090e49c-38c7-4fe4-a00c-01b22e47ae0c",
            "timeouts": null
          },
          "sensitive_attributes": []
        }
      ]
    },
    {
      "mode": "managed",
      "type": "azurerm_resource_group",
      "name": "rg",
      "provider": "provider[\"registry.terraform.io/hashicorp/azurerm\"]",
      "instances": [
        {
          "schema_version": 0,
          "attributes": {
            "id": "/subscriptions/317af27c-bb9b-43c5-ad52-ae1d11ed72c0/resourceGroups/Terra-rg",
            "location": "westeurope",
            "name": "Terra-rg",
            "tags": {},
            "timeouts": null
          },
          "sensitive_attributes": [],
          "private": "eyJlMmJmYjczMC1lY2FhLTExZTYtOGY4OC0zNDM2M2JjN2M0YzAiOnsiY3JlYXRlIjo1NDAwMDAwMDAwMDAwLCJkZWxldGUiOjU0MDAwMDAwMDAwMDAsInJlYWQiOjMwMDAwMDAwMDAwMCwidXBkYXRlIjo1NDAwMDAwMDAwMDAwfX0="
        }
      ]
    },
    {
      "mode": "managed",
      "type": "azurerm_storage_account",
      "name": "rg",
      "provider": "provider[\"registry.terraform.io/hashicorp/azurerm\"]",
      "instances": [
        {
          "schema_version": 2,
          "attributes": {
            "access_tier": "Hot",
            "account_kind": "StorageV2",
            "account_replication_type": "LRS",
            "account_tier": "Standard",
            "blob_properties": [],
            "custom_domain": [],
            "enable_https_traffic_only": true,
            "id": "/subscriptions/317af27c-bb9b-43c5-ad52-ae1d11ed72c0/resourceGroups/Terra-rg/providers/Microsoft.Storage/storageAccounts/remotesa10",
            "identity": [],
            "is_hns_enabled": false,
            "location": "westeurope",
            "name": "remotesa10",
            "network_rules": [
              {
                "bypass": [
                  "AzureServices"
                ],
                "default_action": "Allow",
                "ip_rules": [],
                "virtual_network_subnet_ids": []
              }
            ],
            "primary_access_key": "43vM6ChDgZ/EHNpADriIODGF+HM+R38Ep68yQf5HfKncKCvIGvbwZODJmjTzTOfi0dlHXucx3NaCosQMk97eBw==",
            "primary_blob_connection_string": "DefaultEndpointsProtocol=https;BlobEndpoint=https://remotesa10.blob.core.windows.net/;AccountName=remotesa10;AccountKey=43vM6ChDgZ/EHNpADriIODGF+HM+R38Ep68yQf5HfKncKCvIGvbwZODJmjTzTOfi0dlHXucx3NaCosQMk97eBw==",
            "primary_blob_endpoint": "https://remotesa10.blob.core.windows.net/",
            "primary_blob_host": "remotesa10.blob.core.windows.net",
            "primary_connection_string": "DefaultEndpointsProtocol=https;AccountName=remotesa10;AccountKey=43vM6ChDgZ/EHNpADriIODGF+HM+R38Ep68yQf5HfKncKCvIGvbwZODJmjTzTOfi0dlHXucx3NaCosQMk97eBw==;EndpointSuffix=core.windows.net",
            "primary_dfs_endpoint": "https://remotesa10.dfs.core.windows.net/",
            "primary_dfs_host": "remotesa10.dfs.core.windows.net",
            "primary_file_endpoint": "https://remotesa10.file.core.windows.net/",
            "primary_file_host": "remotesa10.file.core.windows.net",
            "primary_location": "westeurope",
            "primary_queue_endpoint": "https://remotesa10.queue.core.windows.net/",
            "primary_queue_host": "remotesa10.queue.core.windows.net",
            "primary_table_endpoint": "https://remotesa10.table.core.windows.net/",
            "primary_table_host": "remotesa10.table.core.windows.net",
            "primary_web_endpoint": "https://remotesa10.z6.web.core.windows.net/",
            "primary_web_host": "remotesa10.z6.web.core.windows.net",
            "queue_properties": [
              {
                "cors_rule": [],
                "hour_metrics": [
                  {
                    "enabled": true,
                    "include_apis": true,
                    "retention_policy_days": 7,
                    "version": "1.0"
                  }
                ],
                "logging": [
                  {
                    "delete": false,
                    "read": false,
                    "retention_policy_days": 0,
                    "version": "1.0",
                    "write": false
                  }
                ],
                "minute_metrics": [
                  {
                    "enabled": false,
                    "include_apis": false,
                    "retention_policy_days": 0,
                    "version": "1.0"
                  }
                ]
              }
            ],
            "resource_group_name": "Terra-rg",
            "secondary_access_key": "Fr4tHTYfYuYnThx3W517u6phsa7IXqNXcIPlb+7Ai9bts0GAEYJ2INceI/njOAqztPzsFowe0XR9BO2kyfmZtw==",
            "secondary_blob_connection_string": "",
            "secondary_blob_endpoint": null,
            "secondary_blob_host": null,
            "secondary_connection_string": "DefaultEndpointsProtocol=https;AccountName=remotesa10;AccountKey=Fr4tHTYfYuYnThx3W517u6phsa7IXqNXcIPlb+7Ai9bts0GAEYJ2INceI/njOAqztPzsFowe0XR9BO2kyfmZtw==;EndpointSuffix=core.windows.net",
            "secondary_dfs_endpoint": null,
            "secondary_dfs_host": null,
            "secondary_file_endpoint": null,
            "secondary_file_host": null,
            "secondary_location": "",
            "secondary_queue_endpoint": null,
            "secondary_queue_host": null,
            "secondary_table_endpoint": null,
            "secondary_table_host": null,
            "secondary_web_endpoint": null,
            "secondary_web_host": null,
            "static_website": [],
            "tags": {},
            "timeouts": null
          },
          "sensitive_attributes": [],
          "private": "eyJlMmJmYjczMC1lY2FhLTExZTYtOGY4OC0zNDM2M2JjN2M0YzAiOnsiY3JlYXRlIjozNjAwMDAwMDAwMDAwLCJkZWxldGUiOjM2MDAwMDAwMDAwMDAsInJlYWQiOjMwMDAwMDAwMDAwMCwidXBkYXRlIjozNjAwMDAwMDAwMDAwfSwic2NoZW1hX3ZlcnNpb24iOiIyIn0=",
          "dependencies": [
            "azurerm_resource_group.rg"
          ]
        }
      ]
    }
  ]
}
