{
  "version": 4,
  "terraform_version": "0.12.29",
  "serial": 45,
  "lineage": "85c162f8-f502-a115-8247-846d39709226",
  "outputs": {
    "fw_public_ip": {
      "value": "20.73.104.143",
      "type": "string"
    }
  },
  "resources": [
    {
      "mode": "managed",
      "type": "azurerm_network_interface",
      "name": "jbox-rg",
      "provider": "provider.azurerm",
      "instances": [
        {
          "schema_version": 0,
          "attributes": {
            "applied_dns_servers": [],
            "dns_servers": [],
            "enable_accelerated_networking": false,
            "enable_ip_forwarding": false,
            "id": "/subscriptions/317af27c-bb9b-43c5-ad52-ae1d11ed72c0/resourceGroups/Jbox-rg/providers/Microsoft.Network/networkInterfaces/Jbox-nic",
            "internal_dns_name_label": "",
            "internal_domain_name_suffix": "yukmmd3s5hsefpvag4gt0hzfqh.ax.internal.cloudapp.net",
            "ip_configuration": [
              {
                "name": "internal",
                "primary": true,
                "private_ip_address": "10.0.1.4",
                "private_ip_address_allocation": "Dynamic",
                "private_ip_address_version": "IPv4",
                "public_ip_address_id": "",
                "subnet_id": "/subscriptions/317af27c-bb9b-43c5-ad52-ae1d11ed72c0/resourceGroups/Fe-rg/providers/Microsoft.Network/virtualNetworks/Fe-vnet/subnets/Jbox-subnet"
              }
            ],
            "location": "westeurope",
            "mac_address": "00-0D-3A-AE-9A-F9",
            "name": "Jbox-nic",
            "private_ip_address": "10.0.1.4",
            "private_ip_addresses": [
              "10.0.1.4"
            ],
            "resource_group_name": "Jbox-rg",
            "tags": {},
            "timeouts": null,
            "virtual_machine_id": "/subscriptions/317af27c-bb9b-43c5-ad52-ae1d11ed72c0/resourceGroups/Jbox-rg/providers/Microsoft.Compute/virtualMachines/Jbox-vm01"
          },
          "private": "eyJlMmJmYjczMC1lY2FhLTExZTYtOGY4OC0zNDM2M2JjN2M0YzAiOnsiY3JlYXRlIjoxODAwMDAwMDAwMDAwLCJkZWxldGUiOjE4MDAwMDAwMDAwMDAsInJlYWQiOjMwMDAwMDAwMDAwMCwidXBkYXRlIjoxODAwMDAwMDAwMDAwfX0=",
          "dependencies": [
            "azurerm_resource_group.fe-rg",
            "azurerm_resource_group.jbox-rg",
            "azurerm_subnet.fe-rg-02",
            "azurerm_virtual_network.fe-rg"
          ]
        }
      ]
    },
    {
      "mode": "managed",
      "type": "azurerm_network_interface_security_group_association",
      "name": "jbox-rg",
      "provider": "provider.azurerm",
      "instances": [
        {
          "schema_version": 0,
          "attributes": {
            "id": "/subscriptions/317af27c-bb9b-43c5-ad52-ae1d11ed72c0/resourceGroups/Jbox-rg/providers/Microsoft.Network/networkInterfaces/Jbox-nic|/subscriptions/317af27c-bb9b-43c5-ad52-ae1d11ed72c0/resourceGroups/Jbox-rg/providers/Microsoft.Network/networkSecurityGroups/Jbox-nsg",
            "network_interface_id": "/subscriptions/317af27c-bb9b-43c5-ad52-ae1d11ed72c0/resourceGroups/Jbox-rg/providers/Microsoft.Network/networkInterfaces/Jbox-nic",
            "network_security_group_id": "/subscriptions/317af27c-bb9b-43c5-ad52-ae1d11ed72c0/resourceGroups/Jbox-rg/providers/Microsoft.Network/networkSecurityGroups/Jbox-nsg",
            "timeouts": null
          }
        }
      ]
    },
    {
      "mode": "managed",
      "type": "azurerm_network_security_group",
      "name": "jbox-rg",
      "provider": "provider.azurerm",
      "instances": [
        {
          "schema_version": 0,
          "attributes": {
            "id": "/subscriptions/317af27c-bb9b-43c5-ad52-ae1d11ed72c0/resourceGroups/Jbox-rg/providers/Microsoft.Network/networkSecurityGroups/Jbox-nsg",
            "location": "westeurope",
            "name": "Jbox-nsg",
            "resource_group_name": "Jbox-rg",
            "security_rule": [
              {
                "access": "Allow",
                "description": "",
                "destination_address_prefix": "10.0.1.4/32",
                "destination_address_prefixes": [],
                "destination_application_security_group_ids": [],
                "destination_port_range": "3389",
                "destination_port_ranges": [],
                "direction": "Inbound",
                "name": "rdp",
                "priority": 100,
                "protocol": "Tcp",
                "source_address_prefix": "*",
                "source_address_prefixes": [],
                "source_application_security_group_ids": [],
                "source_port_range": "*",
                "source_port_ranges": []
              }
            ],
            "tags": {},
            "timeouts": null
          },
          "private": "eyJlMmJmYjczMC1lY2FhLTExZTYtOGY4OC0zNDM2M2JjN2M0YzAiOnsiY3JlYXRlIjoxODAwMDAwMDAwMDAwLCJkZWxldGUiOjE4MDAwMDAwMDAwMDAsInJlYWQiOjMwMDAwMDAwMDAwMCwidXBkYXRlIjoxODAwMDAwMDAwMDAwfX0=",
          "dependencies": [
            "azurerm_resource_group.jbox-rg"
          ]
        }
      ]
    },
    {
      "mode": "managed",
      "type": "azurerm_resource_group",
      "name": "fe-rg",
      "provider": "provider.azurerm",
      "instances": [
        {
          "schema_version": 0,
          "attributes": {
            "id": "/subscriptions/317af27c-bb9b-43c5-ad52-ae1d11ed72c0/resourceGroups/Fe-rg",
            "location": "westeurope",
            "name": "Fe-rg",
            "tags": {},
            "timeouts": null
          },
          "private": "eyJlMmJmYjczMC1lY2FhLTExZTYtOGY4OC0zNDM2M2JjN2M0YzAiOnsiY3JlYXRlIjo1NDAwMDAwMDAwMDAwLCJkZWxldGUiOjU0MDAwMDAwMDAwMDAsInJlYWQiOjMwMDAwMDAwMDAwMCwidXBkYXRlIjo1NDAwMDAwMDAwMDAwfX0="
        }
      ]
    },
    {
      "mode": "managed",
      "type": "azurerm_resource_group",
      "name": "jbox-rg",
      "provider": "provider.azurerm",
      "instances": [
        {
          "schema_version": 0,
          "attributes": {
            "id": "/subscriptions/317af27c-bb9b-43c5-ad52-ae1d11ed72c0/resourceGroups/Jbox-rg",
            "location": "westeurope",
            "name": "Jbox-rg",
            "tags": {},
            "timeouts": null
          },
          "private": "eyJlMmJmYjczMC1lY2FhLTExZTYtOGY4OC0zNDM2M2JjN2M0YzAiOnsiY3JlYXRlIjo1NDAwMDAwMDAwMDAwLCJkZWxldGUiOjU0MDAwMDAwMDAwMDAsInJlYWQiOjMwMDAwMDAwMDAwMCwidXBkYXRlIjo1NDAwMDAwMDAwMDAwfX0="
        }
      ]
    },
    {
      "mode": "managed",
      "type": "azurerm_subnet",
      "name": "fe-rg-02",
      "provider": "provider.azurerm",
      "instances": [
        {
          "schema_version": 0,
          "attributes": {
            "address_prefix": "10.0.1.0/24",
            "address_prefixes": [
              "10.0.1.0/24"
            ],
            "delegation": [],
            "enforce_private_link_endpoint_network_policies": false,
            "enforce_private_link_service_network_policies": false,
            "id": "/subscriptions/317af27c-bb9b-43c5-ad52-ae1d11ed72c0/resourceGroups/Fe-rg/providers/Microsoft.Network/virtualNetworks/Fe-vnet/subnets/Jbox-subnet",
            "name": "Jbox-subnet",
            "resource_group_name": "Fe-rg",
            "service_endpoints": [],
            "timeouts": null,
            "virtual_network_name": "Fe-vnet"
          },
          "private": "eyJlMmJmYjczMC1lY2FhLTExZTYtOGY4OC0zNDM2M2JjN2M0YzAiOnsiY3JlYXRlIjoxODAwMDAwMDAwMDAwLCJkZWxldGUiOjE4MDAwMDAwMDAwMDAsInJlYWQiOjMwMDAwMDAwMDAwMCwidXBkYXRlIjoxODAwMDAwMDAwMDAwfX0=",
          "dependencies": [
            "azurerm_resource_group.fe-rg",
            "azurerm_virtual_network.fe-rg"
          ]
        }
      ]
    },
    {
      "mode": "managed",
      "type": "azurerm_virtual_network",
      "name": "fe-rg",
      "provider": "provider.azurerm",
      "instances": [
        {
          "schema_version": 0,
          "attributes": {
            "address_space": [
              "10.0.0.0/23"
            ],
            "ddos_protection_plan": [],
            "dns_servers": [],
            "guid": "0fc614c5-f9b2-42e4-bea0-378d3d1f2587",
            "id": "/subscriptions/317af27c-bb9b-43c5-ad52-ae1d11ed72c0/resourceGroups/Fe-rg/providers/Microsoft.Network/virtualNetworks/Fe-vnet",
            "location": "westeurope",
            "name": "Fe-vnet",
            "resource_group_name": "Fe-rg",
            "subnet": [
              {
                "address_prefix": "10.0.0.0/24",
                "id": "/subscriptions/317af27c-bb9b-43c5-ad52-ae1d11ed72c0/resourceGroups/Fe-rg/providers/Microsoft.Network/virtualNetworks/Fe-vnet/subnets/AzureFirewallSubnet",
                "name": "AzureFirewallSubnet",
                "security_group": ""
              },
              {
                "address_prefix": "10.0.1.0/24",
                "id": "/subscriptions/317af27c-bb9b-43c5-ad52-ae1d11ed72c0/resourceGroups/Fe-rg/providers/Microsoft.Network/virtualNetworks/Fe-vnet/subnets/Jbox-subnet",
                "name": "Jbox-subnet",
                "security_group": ""
              }
            ],
            "tags": {},
            "timeouts": null
          },
          "private": "eyJlMmJmYjczMC1lY2FhLTExZTYtOGY4OC0zNDM2M2JjN2M0YzAiOnsiY3JlYXRlIjoxODAwMDAwMDAwMDAwLCJkZWxldGUiOjE4MDAwMDAwMDAwMDAsInJlYWQiOjMwMDAwMDAwMDAwMCwidXBkYXRlIjoxODAwMDAwMDAwMDAwfX0=",
          "dependencies": [
            "azurerm_resource_group.fe-rg"
          ]
        }
      ]
    }
  ]
}
